github.com/mattn/go-sqlite3 v2.0.3+incompatible h1:gXHsfypPkaMZrKbD5209QV9jbUTJKjyR5WD3HYQSd+U=
github.com/mattn/go-sqlite3 v2.0.3+incompatible/go.mod h1:FPy6KqzDD04eiIsT53CuJW3U88zkxoIYsOqkbpncsNc=
github.com/tohirov1994/database v0.0.0-20200213062504-89785bfdcb19 h1:Vdt2BMVO0hUABRfM6P1KDLdzK2QnNvWIPCM/Hvm3IME=
github.com/tohirov1994/database v0.0.0-20200213062504-89785bfdcb19/go.mod h1:So4MlVUdxeGj7efAT1Qc8gJjBEuNX285MWfQay4jYEM=
github.com/tohirov1994/database v0.0.0-20200213191104-6f418f4ab7c9 h1:14usviokGqS2twoXzfZb1NaoqjUPY9qpUsxfIGMs3wM=
github.com/tohirov1994/database v0.0.0-20200213191104-6f418f4ab7c9/go.mod h1:So4MlVUdxeGj7efAT1Qc8gJjBEuNX285MWfQay4jYEM=
github.com/tohirov1994/managers-core v0.0.0-20200213064339-2b5e264a71ec h1:UU/zyXH4sxJD4Mfeb236ZQU/hrd4o9ZrHc3E+vQe9+Q=
github.com/tohirov1994/managers-core v0.0.0-20200213064339-2b5e264a71ec/go.mod h1:wPD5ncgWoq+t5gL1zycFq+rFeViGz09eAjWubQXovo0=
github.com/tohirov1994/managers-core v0.0.0-20200213093306-21792d38b6a9 h1:u6Oh/km6tqyL+qTlY/rpIMjhRuA+lhtHtRrtOueLFxk=
github.com/tohirov1994/managers-core v0.0.0-20200213093306-21792d38b6a9/go.mod h1:wPD5ncgWoq+t5gL1zycFq+rFeViGz09eAjWubQXovo0=
github.com/tohirov1994/managers-core v0.0.0-20200213093700-e50057887d91 h1:wGDvJ2K7QTlxnIWdPfLjJ1VVoj7srLlMfz1XyaL49QQ=
github.com/tohirov1994/managers-core v0.0.0-20200213093700-e50057887d91/go.mod h1:wPD5ncgWoq+t5gL1zycFq+rFeViGz09eAjWubQXovo0=
github.com/tohirov1994/managers-core v0.0.0-20200214021948-81214c93f84a h1:rLV0lpfpzXj8moJBO+L6C/WiSp2/1JeIyl5Ek6wK7KE=
github.com/tohirov1994/managers-core v0.0.0-20200214021948-81214c93f84a/go.mod h1:wPD5ncgWoq+t5gL1zycFq+rFeViGz09eAjWubQXovo0=
github.com/tohirov1994/terminal v0.0.0-20200212073555-ce8f98b1a59a h1:6EOERsLYt0yzxA3DvPG3WLN3fbb0tupUlxL1hl8CkQs=
github.com/tohirov1994/terminal v0.0.0-20200212073555-ce8f98b1a59a/go.mod h1:9tSPmCAOpxxjHFE/EpnBZ5Iap8V6TaE2U0dQ7mILMgs=
